// !$*UTF8*$!
{
	archiveVersion = 1;
	classes = {
	};
	objectVersion = 50;
	objects = {

/* Begin PBXBuildFile section */
		E51E1DB221ABA89100E0D5C9 /* AppDelegate.swift in Sources */ = {isa = PBXBuildFile; fileRef = E51E1DB121ABA89100E0D5C9 /* AppDelegate.swift */; };
		E51E1DB421ABA89100E0D5C9 /* ViewController.swift in Sources */ = {isa = PBXBuildFile; fileRef = E51E1DB321ABA89100E0D5C9 /* ViewController.swift */; };
		E51E1DB721ABA89100E0D5C9 /* Main.storyboard in Resources */ = {isa = PBXBuildFile; fileRef = E51E1DB521ABA89100E0D5C9 /* Main.storyboard */; };
		E51E1DB921ABA89400E0D5C9 /* Assets.xcassets in Resources */ = {isa = PBXBuildFile; fileRef = E51E1DB821ABA89400E0D5C9 /* Assets.xcassets */; };
		E51E1DBC21ABA89400E0D5C9 /* LaunchScreen.storyboard in Resources */ = {isa = PBXBuildFile; fileRef = E51E1DBA21ABA89400E0D5C9 /* LaunchScreen.storyboard */; };
		E51E1DC421ABA8DF00E0D5C9 /* ImageViewController.swift in Sources */ = {isa = PBXBuildFile; fileRef = E51E1DC321ABA8DF00E0D5C9 /* ImageViewController.swift */; };
		E51E1DC921ABAA5200E0D5C9 /* IMG_5589.JPG in Resources */ = {isa = PBXBuildFile; fileRef = E51E1DC521ABAA5100E0D5C9 /* IMG_5589.JPG */; };
		E51E1DCA21ABAA5200E0D5C9 /* IMG_5590.JPG in Resources */ = {isa = PBXBuildFile; fileRef = E51E1DC621ABAA5100E0D5C9 /* IMG_5590.JPG */; };
		E51E1DCB21ABAA5200E0D5C9 /* IMG_5588.JPG in Resources */ = {isa = PBXBuildFile; fileRef = E51E1DC721ABAA5200E0D5C9 /* IMG_5588.JPG */; };
		E51E1DCC21ABAA5200E0D5C9 /* IMG_5593.JPG in Resources */ = {isa = PBXBuildFile; fileRef = E51E1DC821ABAA5200E0D5C9 /* IMG_5593.JPG */; };
		E51E1DCF21ABABB200E0D5C9 /* IMG_5597.JPG in Resources */ = {isa = PBXBuildFile; fileRef = E51E1DCD21ABABB100E0D5C9 /* IMG_5597.JPG */; };
		E51E1DD021ABABB200E0D5C9 /* IMG_5596.JPG in Resources */ = {isa = PBXBuildFile; fileRef = E51E1DCE21ABABB100E0D5C9 /* IMG_5596.JPG */; };
/* End PBXBuildFile section */

/* Begin PBXFileReference section */
		E51E1DAE21ABA89100E0D5C9 /* SlideshowApp.app */ = {isa = PBXFileReference; explicitFileType = wrapper.application; includeInIndex = 0; path = SlideshowApp.app; sourceTree = BUILT_PRODUCTS_DIR; };
		E51E1DB121ABA89100E0D5C9 /* AppDelegate.swift */ = {isa = PBXFileReference; lastKnownFileType = sourcecode.swift; path = AppDelegate.swift; sourceTree = "<group>"; };
		E51E1DB321ABA89100E0D5C9 /* ViewController.swift */ = {isa = PBXFileReference; lastKnownFileType = sourcecode.swift; path = ViewController.swift; sourceTree = "<group>"; };
		E51E1DB621ABA89100E0D5C9 /* Base */ = {isa = PBXFileReference; lastKnownFileType = file.storyboard; name = Base; path = Base.lproj/Main.storyboard; sourceTree = "<group>"; };
		E51E1DB821ABA89400E0D5C9 /* Assets.xcassets */ = {isa = PBXFileReference; lastKnownFileType = folder.assetcatalog; path = Assets.xcassets; sourceTree = "<group>"; };
		E51E1DBB21ABA89400E0D5C9 /* Base */ = {isa = PBXFileReference; lastKnownFileType = file.storyboard; name = Base; path = Base.lproj/LaunchScreen.storyboard; sourceTree = "<group>"; };
		E51E1DBD21ABA89400E0D5C9 /* Info.plist */ = {isa = PBXFileReference; lastKnownFileType = text.plist.xml; path = Info.plist; sourceTree = "<group>"; };
		E51E1DC321ABA8DF00E0D5C9 /* ImageViewController.swift */ = {isa = PBXFileReference; lastKnownFileType = sourcecode.swift; path = ImageViewController.swift; sourceTree = "<group>"; };
		E51E1DC521ABAA5100E0D5C9 /* IMG_5589.JPG */ = {isa = PBXFileReference; lastKnownFileType = image.jpeg; path = IMG_5589.JPG; sourceTree = "<group>"; };
		E51E1DC621ABAA5100E0D5C9 /* IMG_5590.JPG */ = {isa = PBXFileReference; lastKnownFileType = image.jpeg; path = IMG_5590.JPG; sourceTree = "<group>"; };
		E51E1DC721ABAA5200E0D5C9 /* IMG_5588.JPG */ = {isa = PBXFileReference; lastKnownFileType = image.jpeg; path = IMG_5588.JPG; sourceTree = "<group>"; };
		E51E1DC821ABAA5200E0D5C9 /* IMG_5593.JPG */ = {isa = PBXFileReference; lastKnownFileType = image.jpeg; path = IMG_5593.JPG; sourceTree = "<group>"; };
		E51E1DCD21ABABB100E0D5C9 /* IMG_5597.JPG */ = {isa = PBXFileReference; lastKnownFileType = image.jpeg; path = IMG_5597.JPG; sourceTree = "<group>"; };
		E51E1DCE21ABABB100E0D5C9 /* IMG_5596.JPG */ = {isa = PBXFileReference; lastKnownFileType = image.jpeg; path = IMG_5596.JPG; sourceTree = "<group>"; };
/* End PBXFileReference section */

/* Begin PBXFrameworksBuildPhase section */
		E51E1DAB21ABA89100E0D5C9 /* Frameworks */ = {
			isa = PBXFrameworksBuildPhase;
			buildActionMask = 2147483647;
			files = (
			);
			runOnlyForDeploymentPostprocessing = 0;
		};
/* End PBXFrameworksBuildPhase section */

/* Begin PBXGroup section */
		E51E1DA521ABA89100E0D5C9 = {
			isa = PBXGroup;
			children = (
				E51E1DB021ABA89100E0D5C9 /* SlideshowApp */,
				E51E1DAF21ABA89100E0D5C9 /* Products */,
			);
			sourceTree = "<group>";
		};
		E51E1DAF21ABA89100E0D5C9 /* Products */ = {
			isa = PBXGroup;
			children = (
				E51E1DAE21ABA89100E0D5C9 /* SlideshowApp.app */,
			);
			name = Products;
			sourceTree = "<group>";
		};
		E51E1DB021ABA89100E0D5C9 /* SlideshowApp */ = {
			isa = PBXGroup;
			children = (
				E51E1DC721ABAA5200E0D5C9 /* IMG_5588.JPG */,
				E51E1DC521ABAA5100E0D5C9 /* IMG_5589.JPG */,
				E51E1DC621ABAA5100E0D5C9 /* IMG_5590.JPG */,
				E51E1DC821ABAA5200E0D5C9 /* IMG_5593.JPG */,
				E51E1DCE21ABABB100E0D5C9 /* IMG_5596.JPG */,
				E51E1DCD21ABABB100E0D5C9 /* IMG_5597.JPG */,
				E51E1DB121ABA89100E0D5C9 /* AppDelegate.swift */,
				E51E1DB321ABA89100E0D5C9 /* ViewController.swift */,
				E51E1DB521ABA89100E0D5C9 /* Main.storyboard */,
				E51E1DB821ABA89400E0D5C9 /* Assets.xcassets */,
				E51E1DBA21ABA89400E0D5C9 /* LaunchScreen.storyboard */,
				E51E1DBD21ABA89400E0D5C9 /* Info.plist */,
				E51E1DC321ABA8DF00E0D5C9 /* ImageViewController.swift */,
			);
			path = SlideshowApp;
			sourceTree = "<group>";
		};
/* End PBXGroup section */

/* Begin PBXNativeTarget section */
		E51E1DAD21ABA89100E0D5C9 /* SlideshowApp */ = {
			isa = PBXNativeTarget;
			buildConfigurationList = E51E1DC021ABA89400E0D5C9 /* Build configuration list for PBXNativeTarget "SlideshowApp" */;
			buildPhases = (
				E51E1DAA21ABA89100E0D5C9 /* Sources */,
				E51E1DAB21ABA89100E0D5C9 /* Frameworks */,
				E51E1DAC21ABA89100E0D5C9 /* Resources */,
			);
			buildRules = (
			);
			dependencies = (
			);
			name = SlideshowApp;
			productName = SlideshowApp;
			productReference = E51E1DAE21ABA89100E0D5C9 /* SlideshowApp.app */;
			productType = "com.apple.product-type.application";
		};
/* End PBXNativeTarget section */

/* Begin PBXProject section */
		E51E1DA621ABA89100E0D5C9 /* Project object */ = {
			isa = PBXProject;
			attributes = {
				LastSwiftUpdateCheck = 0940;
				LastUpgradeCheck = 0940;
				ORGANIZATIONNAME = fukuir;
				TargetAttributes = {
					E51E1DAD21ABA89100E0D5C9 = {
						CreatedOnToolsVersion = 9.4.1;
					};
				};
			};
			buildConfigurationList = E51E1DA921ABA89100E0D5C9 /* Build configuration list for PBXProject "SlideshowApp" */;
			compatibilityVersion = "Xcode 9.3";
			developmentRegion = en;
			hasScannedForEncodings = 0;
			knownRegions = (
				en,
				Base,
			);
			mainGroup = E51E1DA521ABA89100E0D5C9;
			productRefGroup = E51E1DAF21ABA89100E0D5C9 /* Products */;
			projectDirPath = "";
			projectRoot = "";
			targets = (
				E51E1DAD21ABA89100E0D5C9 /* SlideshowApp */,
			);
		};
/* End PBXProject section */

/* Begin PBXResourcesBuildPhase section */
		E51E1DAC21ABA89100E0D5C9 /* Resources */ = {
			isa = PBXResourcesBuildPhase;
			buildActionMask = 2147483647;
			files = (
				E51E1DBC21ABA89400E0D5C9 /* LaunchScreen.storyboard in Resources */,
				E51E1DCF21ABABB200E0D5C9 /* IMG_5597.JPG in Resources */,
				E51E1DD021ABABB200E0D5C9 /* IMG_5596.JPG in Resources */,
				E51E1DB921ABA89400E0D5C9 /* Assets.xcassets in Resources */,
				E51E1DCC21ABAA5200E0D5C9 /* IMG_5593.JPG in Resources */,
				E51E1DCA21ABAA5200E0D5C9 /* IMG_5590.JPG in Resources */,
				E51E1DC921ABAA5200E0D5C9 /* IMG_5589.JPG in Resources */,
				E51E1DB721ABA89100E0D5C9 /* Main.storyboard in Resources */,
				E51E1DCB21ABAA5200E0D5C9 /* IMG_5588.JPG in Resources */,
			);
			runOnlyForDeploymentPostprocessing = 0;
		};
/* End PBXResourcesBuildPhase section */

/* Begin PBXSourcesBuildPhase section */
		E51E1DAA21ABA89100E0D5C9 /* Sources */ = {
			isa = PBXSourcesBuildPhase;
			buildActionMask = 2147483647;
			files = (
				E51E1DB421ABA89100E0D5C9 /* ViewController.swift in Sources */,
				E51E1DC421ABA8DF00E0D5C9 /* ImageViewController.swift in Sources */,
				E51E1DB221ABA89100E0D5C9 /* AppDelegate.swift in Sources */,
			);
			runOnlyForDeploymentPostprocessing = 0;
		};
/* End PBXSourcesBuildPhase section */

/* Begin PBXVariantGroup section */
		E51E1DB521ABA89100E0D5C9 /* Main.storyboard */ = {
			isa = PBXVariantGroup;
			children = (
				E51E1DB621ABA89100E0D5C9 /* Base */,
			);
			name = Main.storyboard;
			sourceTree = "<group>";
		};
		E51E1DBA21ABA89400E0D5C9 /* LaunchScreen.storyboard */ = {
			isa = PBXVariantGroup;
			children = (
				E51E1DBB21ABA89400E0D5C9 /* Base */,
			);
			name = LaunchScreen.storyboard;
			sourceTree = "<group>";
		};
/* End PBXVariantGroup section */

/* Begin XCBuildConfiguration section */
		E51E1DBE21ABA89400E0D5C9 /* Debug */ = {
			isa = XCBuildConfiguration;
			buildSettings = {
				ALWAYS_SEARCH_USER_PATHS = NO;
				CLANG_ANALYZER_NONNULL = YES;
				CLANG_ANALYZER_NUMBER_OBJECT_CONVERSION = YES_AGGRESSIVE;
				CLANG_CXX_LANGUAGE_STANDARD = "gnu++14";
				CLANG_CXX_LIBRARY = "libc++";
				CLANG_ENABLE_MODULES = YES;
				CLANG_ENABLE_OBJC_ARC = YES;
				CLANG_ENABLE_OBJC_WEAK = YES;
				CLANG_WARN_BLOCK_CAPTURE_AUTORELEASING = YES;
				CLANG_WARN_BOOL_CONVERSION = YES;
				CLANG_WARN_COMMA = YES;
				CLANG_WARN_CONSTANT_CONVERSION = YES;
				CLANG_WARN_DEPRECATED_OBJC_IMPLEMENTATIONS = YES;
				CLANG_WARN_DIRECT_OBJC_ISA_USAGE = YES_ERROR;
				CLANG_WARN_DOCUMENTATION_COMMENTS = YES;
				CLANG_WARN_EMPTY_BODY = YES;
				CLANG_WARN_ENUM_CONVERSION = YES;
				CLANG_WARN_INFINITE_RECURSION = YES;
				CLANG_WARN_INT_CONVERSION = YES;
				CLANG_WARN_NON_LITERAL_NULL_CONVERSION = YES;
				CLANG_WARN_OBJC_IMPLICIT_RETAIN_SELF = YES;
				CLANG_WARN_OBJC_LITERAL_CONVERSION = YES;
				CLANG_WARN_OBJC_ROOT_CLASS = YES_ERROR;
				CLANG_WARN_RANGE_LOOP_ANALYSIS = YES;
				CLANG_WARN_STRICT_PROTOTYPES = YES;
				CLANG_WARN_SUSPICIOUS_MOVE = YES;
				CLANG_WARN_UNGUARDED_AVAILABILITY = YES_AGGRESSIVE;
				CLANG_WARN_UNREACHABLE_CODE = YES;
				CLANG_WARN__DUPLICATE_METHOD_MATCH = YES;
				CODE_SIGN_IDENTITY = "iPhone Developer";
				COPY_PHASE_STRIP = NO;
				DEBUG_INFORMATION_FORMAT = dwarf;
				ENABLE_STRICT_OBJC_MSGSEND = YES;
				ENABLE_TESTABILITY = YES;
				GCC_C_LANGUAGE_STANDARD = gnu11;
				GCC_DYNAMIC_NO_PIC = NO;
				GCC_NO_COMMON_BLOCKS = YES;
				GCC_OPTIMIZATION_LEVEL = 0;
				GCC_PREPROCESSOR_DEFINITIONS = (
					"DEBUG=1",
					"$(inherited)",
				);
				GCC_WARN_64_TO_32_BIT_CONVERSION = YES;
				GCC_WARN_ABOUT_RETURN_TYPE = YES_ERROR;
				GCC_WARN_UNDECLARED_SELECTOR = YES;
				GCC_WARN_UNINITIALIZED_AUTOS = YES_AGGRESSIVE;
				GCC_WARN_UNUSED_FUNCTION = YES;
				GCC_WARN_UNUSED_VARIABLE = YES;
				IPHONEOS_DEPLOYMENT_TARGET = 11.4;
				MTL_ENABLE_DEBUG_INFO = YES;
				ONLY_ACTIVE_ARCH = YES;
				SDKROOT = iphoneos;
				SWIFT_ACTIVE_COMPILATION_CONDITIONS = DEBUG;
				SWIFT_OPTIMIZATION_LEVEL = "-Onone";
			};
			name = Debug;
		};
		E51E1DBF21ABA89400E0D5C9 /* Release */ = {
			isa = XCBuildConfiguration;
			buildSettings = {
				ALWAYS_SEARCH_USER_PATHS = NO;
				CLANG_ANALYZER_NONNULL = YES;
				CLANG_ANALYZER_NUMBER_OBJECT_CONVERSION = YES_AGGRESSIVE;
				CLANG_CXX_LANGUAGE_STANDARD = "gnu++14";
				CLANG_CXX_LIBRARY = "libc++";
				CLANG_ENABLE_MODULES = YES;
				CLANG_ENABLE_OBJC_ARC = YES;
				CLANG_ENABLE_OBJC_WEAK = YES;
				CLANG_WARN_BLOCK_CAPTURE_AUTORELEASING = YES;
				CLANG_WARN_BOOL_CONVERSION = YES;
				CLANG_WARN_COMMA = YES;
				CLANG_WARN_CONSTANT_CONVERSION = YES;
				CLANG_WARN_DEPRECATED_OBJC_IMPLEMENTATIONS = YES;
				CLANG_WARN_DIRECT_OBJC_ISA_USAGE = YES_ERROR;
				CLANG_WARN_DOCUMENTATION_COMMENTS = YES;
				CLANG_WARN_EMPTY_BODY = YES;
				CLANG_WARN_ENUM_CONVERSION = YES;
				CLANG_WARN_INFINITE_RECURSION = YES;
				CLANG_WARN_INT_CONVERSION = YES;
				CLANG_WARN_NON_LITERAL_NULL_CONVERSION = YES;
				CLANG_WARN_OBJC_IMPLICIT_RETAIN_SELF = YES;
				CLANG_WARN_OBJC_LITERAL_CONVERSION = YES;
				CLANG_WARN_OBJC_ROOT_CLASS = YES_ERROR;
				CLANG_WARN_RANGE_LOOP_ANALYSIS = YES;
				CLANG_WARN_STRICT_PROTOTYPES = YES;
				CLANG_WARN_SUSPICIOUS_MOVE = YES;
				CLANG_WARN_UNGUARDED_AVAILABILITY = YES_AGGRESSIVE;
				CLANG_WARN_UNREACHABLE_CODE = YES;
				CLANG_WARN__DUPLICATE_METHOD_MATCH = YES;
				CODE_SIGN_IDENTITY = "iPhone Developer";
				COPY_PHASE_STRIP = NO;
				DEBUG_INFORMATION_FORMAT = "dwarf-with-dsym";
				ENABLE_NS_ASSERTIONS = NO;
				ENABLE_STRICT_OBJC_MSGSEND = YES;
				GCC_C_LANGUAGE_STANDARD = gnu11;
				GCC_NO_COMMON_BLOCKS = YES;
				GCC_WARN_64_TO_32_BIT_CONVERSION = YES;
				GCC_WARN_ABOUT_RETURN_TYPE = YES_ERROR;
				GCC_WARN_UNDECLARED_SELECTOR = YES;
				GCC_WARN_UNINITIALIZED_AUTOS = YES_AGGRESSIVE;
				GCC_WARN_UNUSED_FUNCTION = YES;
				GCC_WARN_UNUSED_VARIABLE = YES;
				IPHONEOS_DEPLOYMENT_TARGET = 11.4;
				MTL_ENABLE_DEBUG_INFO = NO;
				SDKROOT = iphoneos;
				SWIFT_COMPILATION_MODE = wholemodule;
				SWIFT_OPTIMIZATION_LEVEL = "-O";
				VALIDATE_PRODUCT = YES;
			};
			name = Release;
		};
		E51E1DC121ABA89400E0D5C9 /* Debug */ = {
			isa = XCBuildConfiguration;
			buildSettings = {
				ASSETCATALOG_COMPILER_APPICON_NAME = AppIcon;
				CODE_SIGN_STYLE = Automatic;
				INFOPLIST_FILE = SlideshowApp/Info.plist;
				LD_RUNPATH_SEARCH_PATHS = (
					"$(inherited)",
					"@executable_path/Frameworks",
				);
				PRODUCT_BUNDLE_IDENTIFIER = jp.techacademy.fukuir.SlideshowApp;
				PRODUCT_NAME = "$(TARGET_NAME)";
				SWIFT_VERSION = 4.0;
				TARGETED_DEVICE_FAMILY = "1,2";
			};
			name = Debug;
		};
		E51E1DC221ABA89400E0D5C9 /* Release */ = {
			isa = XCBuildConfiguration;
			buildSettings = {
				ASSETCATALOG_COMPILER_APPICON_NAME = AppIcon;
				CODE_SIGN_STYLE = Automatic;
				INFOPLIST_FILE = SlideshowApp/Info.plist;
				LD_RUNPATH_SEARCH_PATHS = (
					"$(inherited)",
					"@executable_path/Frameworks",
				);
				PRODUCT_BUNDLE_IDENTIFIER = jp.techacademy.fukuir.SlideshowApp;
				PRODUCT_NAME = "$(TARGET_NAME)";
				SWIFT_VERSION = 4.0;
				TARGETED_DEVICE_FAMILY = "1,2";
			};
			name = Release;
		};
/* End XCBuildConfiguration section */

/* Begin XCConfigurationList section */
		E51E1DA921ABA89100E0D5C9 /* Build configuration list for PBXProject "SlideshowApp" */ = {
			isa = XCConfigurationList;
			buildConfigurations = (
				E51E1DBE21ABA89400E0D5C9 /* Debug */,
				E51E1DBF21ABA89400E0D5C9 /* Release */,
			);
			defaultConfigurationIsVisible = 0;
			defaultConfigurationName = Release;
		};
		E51E1DC021ABA89400E0D5C9 /* Build configuration list for PBXNativeTarget "SlideshowApp" */ = {
			isa = XCConfigurationList;
			buildConfigurations = (
				E51E1DC121ABA89400E0D5C9 /* Debug */,
				E51E1DC221ABA89400E0D5C9 /* Release */,
			);
			defaultConfigurationIsVisible = 0;
			defaultConfigurationName = Release;
		};
/* End XCConfigurationList section */
	};
	rootObject = E51E1DA621ABA89100E0D5C9 /* Project object */;
}
